// !$*UTF8*$!
{
	archiveVersion = 1;
	classes = {
	};
	objectVersion = 50;
	objects = {

/* Begin PBXBuildFile section */
		ADC650C2260D8444001E85AC /* AppDelegate.swift in Sources */ = {isa = PBXBuildFile; fileRef = ADC650C1260D8444001E85AC /* AppDelegate.swift */; };
		ADC650C4260D8444001E85AC /* SceneDelegate.swift in Sources */ = {isa = PBXBuildFile; fileRef = ADC650C3260D8444001E85AC /* SceneDelegate.swift */; };
		ADC650C6260D8444001E85AC /* ViewController.swift in Sources */ = {isa = PBXBuildFile; fileRef = ADC650C5260D8444001E85AC /* ViewController.swift */; };
		ADC650C9260D8444001E85AC /* Main.storyboard in Resources */ = {isa = PBXBuildFile; fileRef = ADC650C7260D8444001E85AC /* Main.storyboard */; };
		ADC650CB260D8447001E85AC /* Assets.xcassets in Resources */ = {isa = PBXBuildFile; fileRef = ADC650CA260D8447001E85AC /* Assets.xcassets */; };
		ADC650CE260D8447001E85AC /* LaunchScreen.storyboard in Resources */ = {isa = PBXBuildFile; fileRef = ADC650CC260D8447001E85AC /* LaunchScreen.storyboard */; };
		ADC650D6260D891F001E85AC /* Dom.swift in Sources */ = {isa = PBXBuildFile; fileRef = ADC650D5260D891F001E85AC /* Dom.swift */; };
		ADC650DB260D8CB3001E85AC /* SourceHelper.swift in Sources */ = {isa = PBXBuildFile; fileRef = ADC650DA260D8CB3001E85AC /* SourceHelper.swift */; };
		ADC650DD260D9536001E85AC /* HTMLParser.swift in Sources */ = {isa = PBXBuildFile; fileRef = ADC650DC260D9536001E85AC /* HTMLParser.swift */; };
		ADC650E6260D9EA4001E85AC /* TinyRenderEngineTests.swift in Sources */ = {isa = PBXBuildFile; fileRef = ADC650E5260D9EA4001E85AC /* TinyRenderEngineTests.swift */; };
		ADC650EE260D9EC8001E85AC /* SourceHelperTests.swift in Sources */ = {isa = PBXBuildFile; fileRef = ADC650ED260D9EC8001E85AC /* SourceHelperTests.swift */; };
		ADC650F0261003C6001E85AC /* CSSParser.swift in Sources */ = {isa = PBXBuildFile; fileRef = ADC650EF261003C5001E85AC /* CSSParser.swift */; };
/* End PBXBuildFile section */

/* Begin PBXContainerItemProxy section */
		ADC650E8260D9EA4001E85AC /* PBXContainerItemProxy */ = {
			isa = PBXContainerItemProxy;
			containerPortal = ADC650B6260D8443001E85AC /* Project object */;
			proxyType = 1;
			remoteGlobalIDString = ADC650BD260D8444001E85AC;
			remoteInfo = TinyRenderEngine;
		};
/* End PBXContainerItemProxy section */

/* Begin PBXFileReference section */
		ADC650BE260D8444001E85AC /* TinyRenderEngine.app */ = {isa = PBXFileReference; explicitFileType = wrapper.application; includeInIndex = 0; path = TinyRenderEngine.app; sourceTree = BUILT_PRODUCTS_DIR; };
		ADC650C1260D8444001E85AC /* AppDelegate.swift */ = {isa = PBXFileReference; lastKnownFileType = sourcecode.swift; path = AppDelegate.swift; sourceTree = "<group>"; };
		ADC650C3260D8444001E85AC /* SceneDelegate.swift */ = {isa = PBXFileReference; lastKnownFileType = sourcecode.swift; path = SceneDelegate.swift; sourceTree = "<group>"; };
		ADC650C5260D8444001E85AC /* ViewController.swift */ = {isa = PBXFileReference; lastKnownFileType = sourcecode.swift; path = ViewController.swift; sourceTree = "<group>"; };
		ADC650C8260D8444001E85AC /* Base */ = {isa = PBXFileReference; lastKnownFileType = file.storyboard; name = Base; path = Base.lproj/Main.storyboard; sourceTree = "<group>"; };
		ADC650CA260D8447001E85AC /* Assets.xcassets */ = {isa = PBXFileReference; lastKnownFileType = folder.assetcatalog; path = Assets.xcassets; sourceTree = "<group>"; };
		ADC650CD260D8447001E85AC /* Base */ = {isa = PBXFileReference; lastKnownFileType = file.storyboard; name = Base; path = Base.lproj/LaunchScreen.storyboard; sourceTree = "<group>"; };
		ADC650CF260D8447001E85AC /* Info.plist */ = {isa = PBXFileReference; lastKnownFileType = text.plist.xml; path = Info.plist; sourceTree = "<group>"; };
		ADC650D5260D891F001E85AC /* Dom.swift */ = {isa = PBXFileReference; lastKnownFileType = sourcecode.swift; path = Dom.swift; sourceTree = "<group>"; };
		ADC650DA260D8CB3001E85AC /* SourceHelper.swift */ = {isa = PBXFileReference; lastKnownFileType = sourcecode.swift; path = SourceHelper.swift; sourceTree = "<group>"; };
		ADC650DC260D9536001E85AC /* HTMLParser.swift */ = {isa = PBXFileReference; lastKnownFileType = sourcecode.swift; path = HTMLParser.swift; sourceTree = "<group>"; };
		ADC650E3260D9EA4001E85AC /* TinyRenderEngineTests.xctest */ = {isa = PBXFileReference; explicitFileType = wrapper.cfbundle; includeInIndex = 0; path = TinyRenderEngineTests.xctest; sourceTree = BUILT_PRODUCTS_DIR; };
		ADC650E5260D9EA4001E85AC /* TinyRenderEngineTests.swift */ = {isa = PBXFileReference; lastKnownFileType = sourcecode.swift; path = TinyRenderEngineTests.swift; sourceTree = "<group>"; };
		ADC650E7260D9EA4001E85AC /* Info.plist */ = {isa = PBXFileReference; lastKnownFileType = text.plist.xml; path = Info.plist; sourceTree = "<group>"; };
		ADC650ED260D9EC8001E85AC /* SourceHelperTests.swift */ = {isa = PBXFileReference; lastKnownFileType = sourcecode.swift; path = SourceHelperTests.swift; sourceTree = "<group>"; };
		ADC650EF261003C5001E85AC /* CSSParser.swift */ = {isa = PBXFileReference; lastKnownFileType = sourcecode.swift; path = CSSParser.swift; sourceTree = "<group>"; };
/* End PBXFileReference section */

/* Begin PBXFrameworksBuildPhase section */
		ADC650BB260D8444001E85AC /* Frameworks */ = {
			isa = PBXFrameworksBuildPhase;
			buildActionMask = 2147483647;
			files = (
			);
			runOnlyForDeploymentPostprocessing = 0;
		};
		ADC650E0260D9EA4001E85AC /* Frameworks */ = {
			isa = PBXFrameworksBuildPhase;
			buildActionMask = 2147483647;
			files = (
			);
			runOnlyForDeploymentPostprocessing = 0;
		};
/* End PBXFrameworksBuildPhase section */

/* Begin PBXGroup section */
		ADC650B5260D8443001E85AC = {
			isa = PBXGroup;
			children = (
				ADC650C0260D8444001E85AC /* TinyRenderEngine */,
				ADC650E4260D9EA4001E85AC /* TinyRenderEngineTests */,
				ADC650BF260D8444001E85AC /* Products */,
			);
			sourceTree = "<group>";
		};
		ADC650BF260D8444001E85AC /* Products */ = {
			isa = PBXGroup;
			children = (
				ADC650BE260D8444001E85AC /* TinyRenderEngine.app */,
				ADC650E3260D9EA4001E85AC /* TinyRenderEngineTests.xctest */,
			);
			name = Products;
			sourceTree = "<group>";
		};
		ADC650C0260D8444001E85AC /* TinyRenderEngine */ = {
			isa = PBXGroup;
			children = (
				ADC650DE260D9D28001E85AC /* Example */,
				ADC650D7260D892B001E85AC /* Engine */,
				ADC650C1260D8444001E85AC /* AppDelegate.swift */,
				ADC650C3260D8444001E85AC /* SceneDelegate.swift */,
				ADC650C5260D8444001E85AC /* ViewController.swift */,
				ADC650C7260D8444001E85AC /* Main.storyboard */,
				ADC650CA260D8447001E85AC /* Assets.xcassets */,
				ADC650CC260D8447001E85AC /* LaunchScreen.storyboard */,
				ADC650CF260D8447001E85AC /* Info.plist */,
			);
			path = TinyRenderEngine;
			sourceTree = "<group>";
		};
		ADC650D7260D892B001E85AC /* Engine */ = {
			isa = PBXGroup;
			children = (
				ADC650D5260D891F001E85AC /* Dom.swift */,
				ADC650DA260D8CB3001E85AC /* SourceHelper.swift */,
				ADC650DC260D9536001E85AC /* HTMLParser.swift */,
				ADC650EF261003C5001E85AC /* CSSParser.swift */,
			);
			path = Engine;
			sourceTree = "<group>";
		};
		ADC650DE260D9D28001E85AC /* Example */ = {
			isa = PBXGroup;
			children = (
			);
			path = Example;
			sourceTree = "<group>";
		};
		ADC650E4260D9EA4001E85AC /* TinyRenderEngineTests */ = {
			isa = PBXGroup;
			children = (
				ADC650E5260D9EA4001E85AC /* TinyRenderEngineTests.swift */,
				ADC650E7260D9EA4001E85AC /* Info.plist */,
				ADC650ED260D9EC8001E85AC /* SourceHelperTests.swift */,
			);
			path = TinyRenderEngineTests;
			sourceTree = "<group>";
		};
/* End PBXGroup section */

/* Begin PBXNativeTarget section */
		ADC650BD260D8444001E85AC /* TinyRenderEngine */ = {
			isa = PBXNativeTarget;
			buildConfigurationList = ADC650D2260D8447001E85AC /* Build configuration list for PBXNativeTarget "TinyRenderEngine" */;
			buildPhases = (
				ADC650BA260D8444001E85AC /* Sources */,
				ADC650BB260D8444001E85AC /* Frameworks */,
				ADC650BC260D8444001E85AC /* Resources */,
			);
			buildRules = (
			);
			dependencies = (
			);
			name = TinyRenderEngine;
			productName = TinyRenderEngine;
			productReference = ADC650BE260D8444001E85AC /* TinyRenderEngine.app */;
			productType = "com.apple.product-type.application";
		};
		ADC650E2260D9EA4001E85AC /* TinyRenderEngineTests */ = {
			isa = PBXNativeTarget;
			buildConfigurationList = ADC650EA260D9EA4001E85AC /* Build configuration list for PBXNativeTarget "TinyRenderEngineTests" */;
			buildPhases = (
				ADC650DF260D9EA4001E85AC /* Sources */,
				ADC650E0260D9EA4001E85AC /* Frameworks */,
				ADC650E1260D9EA4001E85AC /* Resources */,
			);
			buildRules = (
			);
			dependencies = (
				ADC650E9260D9EA4001E85AC /* PBXTargetDependency */,
			);
			name = TinyRenderEngineTests;
			productName = TinyRenderEngineTests;
			productReference = ADC650E3260D9EA4001E85AC /* TinyRenderEngineTests.xctest */;
			productType = "com.apple.product-type.bundle.unit-test";
		};
/* End PBXNativeTarget section */

/* Begin PBXProject section */
		ADC650B6260D8443001E85AC /* Project object */ = {
			isa = PBXProject;
			attributes = {
				LastSwiftUpdateCheck = 1200;
				LastUpgradeCheck = 1200;
				TargetAttributes = {
					ADC650BD260D8444001E85AC = {
						CreatedOnToolsVersion = 12.0;
					};
					ADC650E2260D9EA4001E85AC = {
						CreatedOnToolsVersion = 12.0;
						TestTargetID = ADC650BD260D8444001E85AC;
					};
				};
			};
			buildConfigurationList = ADC650B9260D8444001E85AC /* Build configuration list for PBXProject "TinyRenderEngine" */;
			compatibilityVersion = "Xcode 9.3";
			developmentRegion = en;
			hasScannedForEncodings = 0;
			knownRegions = (
				en,
				Base,
			);
			mainGroup = ADC650B5260D8443001E85AC;
			productRefGroup = ADC650BF260D8444001E85AC /* Products */;
			projectDirPath = "";
			projectRoot = "";
			targets = (
				ADC650BD260D8444001E85AC /* TinyRenderEngine */,
				ADC650E2260D9EA4001E85AC /* TinyRenderEngineTests */,
			);
		};
/* End PBXProject section */

/* Begin PBXResourcesBuildPhase section */
		ADC650BC260D8444001E85AC /* Resources */ = {
			isa = PBXResourcesBuildPhase;
			buildActionMask = 2147483647;
			files = (
				ADC650CE260D8447001E85AC /* LaunchScreen.storyboard in Resources */,
				ADC650CB260D8447001E85AC /* Assets.xcassets in Resources */,
				ADC650C9260D8444001E85AC /* Main.storyboard in Resources */,
			);
			runOnlyForDeploymentPostprocessing = 0;
		};
		ADC650E1260D9EA4001E85AC /* Resources */ = {
			isa = PBXResourcesBuildPhase;
			buildActionMask = 2147483647;
			files = (
			);
			runOnlyForDeploymentPostprocessing = 0;
		};
/* End PBXResourcesBuildPhase section */

/* Begin PBXSourcesBuildPhase section */
		ADC650BA260D8444001E85AC /* Sources */ = {
			isa = PBXSourcesBuildPhase;
			buildActionMask = 2147483647;
			files = (
				ADC650D6260D891F001E85AC /* Dom.swift in Sources */,
				ADC650C6260D8444001E85AC /* ViewController.swift in Sources */,
				ADC650C2260D8444001E85AC /* AppDelegate.swift in Sources */,
				ADC650F0261003C6001E85AC /* CSSParser.swift in Sources */,
				ADC650DD260D9536001E85AC /* HTMLParser.swift in Sources */,
				ADC650DB260D8CB3001E85AC /* SourceHelper.swift in Sources */,
				ADC650C4260D8444001E85AC /* SceneDelegate.swift in Sources */,
			);
			runOnlyForDeploymentPostprocessing = 0;
		};
		ADC650DF260D9EA4001E85AC /* Sources */ = {
			isa = PBXSourcesBuildPhase;
			buildActionMask = 2147483647;
			files = (
				ADC650EE260D9EC8001E85AC /* SourceHelperTests.swift in Sources */,
				ADC650E6260D9EA4001E85AC /* TinyRenderEngineTests.swift in Sources */,
			);
			runOnlyForDeploymentPostprocessing = 0;
		};
/* End PBXSourcesBuildPhase section */

/* Begin PBXTargetDependency section */
		ADC650E9260D9EA4001E85AC /* PBXTargetDependency */ = {
			isa = PBXTargetDependency;
			target = ADC650BD260D8444001E85AC /* TinyRenderEngine */;
			targetProxy = ADC650E8260D9EA4001E85AC /* PBXContainerItemProxy */;
		};
/* End PBXTargetDependency section */

/* Begin PBXVariantGroup section */
		ADC650C7260D8444001E85AC /* Main.storyboard */ = {
			isa = PBXVariantGroup;
			children = (
				ADC650C8260D8444001E85AC /* Base */,
			);
			name = Main.storyboard;
			sourceTree = "<group>";
		};
		ADC650CC260D8447001E85AC /* LaunchScreen.storyboard */ = {
			isa = PBXVariantGroup;
			children = (
				ADC650CD260D8447001E85AC /* Base */,
			);
			name = LaunchScreen.storyboard;
			sourceTree = "<group>";
		};
/* End PBXVariantGroup section */

/* Begin XCBuildConfiguration section */
		ADC650D0260D8447001E85AC /* Debug */ = {
			isa = XCBuildConfiguration;
			buildSettings = {
				ALWAYS_SEARCH_USER_PATHS = NO;
				CLANG_ANALYZER_NONNULL = YES;
				CLANG_ANALYZER_NUMBER_OBJECT_CONVERSION = YES_AGGRESSIVE;
				CLANG_CXX_LANGUAGE_STANDARD = "gnu++14";
				CLANG_CXX_LIBRARY = "libc++";
				CLANG_ENABLE_MODULES = YES;
				CLANG_ENABLE_OBJC_ARC = YES;
				CLANG_ENABLE_OBJC_WEAK = YES;
				CLANG_WARN_BLOCK_CAPTURE_AUTORELEASING = YES;
				CLANG_WARN_BOOL_CONVERSION = YES;
				CLANG_WARN_COMMA = YES;
				CLANG_WARN_CONSTANT_CONVERSION = YES;
				CLANG_WARN_DEPRECATED_OBJC_IMPLEMENTATIONS = YES;
				CLANG_WARN_DIRECT_OBJC_ISA_USAGE = YES_ERROR;
				CLANG_WARN_DOCUMENTATION_COMMENTS = YES;
				CLANG_WARN_EMPTY_BODY = YES;
				CLANG_WARN_ENUM_CONVERSION = YES;
				CLANG_WARN_INFINITE_RECURSION = YES;
				CLANG_WARN_INT_CONVERSION = YES;
				CLANG_WARN_NON_LITERAL_NULL_CONVERSION = YES;
				CLANG_WARN_OBJC_IMPLICIT_RETAIN_SELF = YES;
				CLANG_WARN_OBJC_LITERAL_CONVERSION = YES;
				CLANG_WARN_OBJC_ROOT_CLASS = YES_ERROR;
				CLANG_WARN_QUOTED_INCLUDE_IN_FRAMEWORK_HEADER = YES;
				CLANG_WARN_RANGE_LOOP_ANALYSIS = YES;
				CLANG_WARN_STRICT_PROTOTYPES = YES;
				CLANG_WARN_SUSPICIOUS_MOVE = YES;
				CLANG_WARN_UNGUARDED_AVAILABILITY = YES_AGGRESSIVE;
				CLANG_WARN_UNREACHABLE_CODE = YES;
				CLANG_WARN__DUPLICATE_METHOD_MATCH = YES;
				COPY_PHASE_STRIP = NO;
				DEBUG_INFORMATION_FORMAT = dwarf;
				ENABLE_STRICT_OBJC_MSGSEND = YES;
				ENABLE_TESTABILITY = YES;
				GCC_C_LANGUAGE_STANDARD = gnu11;
				GCC_DYNAMIC_NO_PIC = NO;
				GCC_NO_COMMON_BLOCKS = YES;
				GCC_OPTIMIZATION_LEVEL = 0;
				GCC_PREPROCESSOR_DEFINITIONS = (
					"DEBUG=1",
					"$(inherited)",
				);
				GCC_WARN_64_TO_32_BIT_CONVERSION = YES;
				GCC_WARN_ABOUT_RETURN_TYPE = YES_ERROR;
				GCC_WARN_UNDECLARED_SELECTOR = YES;
				GCC_WARN_UNINITIALIZED_AUTOS = YES_AGGRESSIVE;
				GCC_WARN_UNUSED_FUNCTION = YES;
				GCC_WARN_UNUSED_VARIABLE = YES;
				IPHONEOS_DEPLOYMENT_TARGET = 14.0;
				MTL_ENABLE_DEBUG_INFO = INCLUDE_SOURCE;
				MTL_FAST_MATH = YES;
				ONLY_ACTIVE_ARCH = YES;
				SDKROOT = iphoneos;
				SWIFT_ACTIVE_COMPILATION_CONDITIONS = DEBUG;
				SWIFT_OPTIMIZATION_LEVEL = "-Onone";
			};
			name = Debug;
		};
		ADC650D1260D8447001E85AC /* Release */ = {
			isa = XCBuildConfiguration;
			buildSettings = {
				ALWAYS_SEARCH_USER_PATHS = NO;
				CLANG_ANALYZER_NONNULL = YES;
				CLANG_ANALYZER_NUMBER_OBJECT_CONVERSION = YES_AGGRESSIVE;
				CLANG_CXX_LANGUAGE_STANDARD = "gnu++14";
				CLANG_CXX_LIBRARY = "libc++";
				CLANG_ENABLE_MODULES = YES;
				CLANG_ENABLE_OBJC_ARC = YES;
				CLANG_ENABLE_OBJC_WEAK = YES;
				CLANG_WARN_BLOCK_CAPTURE_AUTORELEASING = YES;
				CLANG_WARN_BOOL_CONVERSION = YES;
				CLANG_WARN_COMMA = YES;
				CLANG_WARN_CONSTANT_CONVERSION = YES;
				CLANG_WARN_DEPRECATED_OBJC_IMPLEMENTATIONS = YES;
				CLANG_WARN_DIRECT_OBJC_ISA_USAGE = YES_ERROR;
				CLANG_WARN_DOCUMENTATION_COMMENTS = YES;
				CLANG_WARN_EMPTY_BODY = YES;
				CLANG_WARN_ENUM_CONVERSION = YES;
				CLANG_WARN_INFINITE_RECURSION = YES;
				CLANG_WARN_INT_CONVERSION = YES;
				CLANG_WARN_NON_LITERAL_NULL_CONVERSION = YES;
				CLANG_WARN_OBJC_IMPLICIT_RETAIN_SELF = YES;
				CLANG_WARN_OBJC_LITERAL_CONVERSION = YES;
				CLANG_WARN_OBJC_ROOT_CLASS = YES_ERROR;
				CLANG_WARN_QUOTED_INCLUDE_IN_FRAMEWORK_HEADER = YES;
				CLANG_WARN_RANGE_LOOP_ANALYSIS = YES;
				CLANG_WARN_STRICT_PROTOTYPES = YES;
				CLANG_WARN_SUSPICIOUS_MOVE = YES;
				CLANG_WARN_UNGUARDED_AVAILABILITY = YES_AGGRESSIVE;
				CLANG_WARN_UNREACHABLE_CODE = YES;
				CLANG_WARN__DUPLICATE_METHOD_MATCH = YES;
				COPY_PHASE_STRIP = NO;
				DEBUG_INFORMATION_FORMAT = "dwarf-with-dsym";
				ENABLE_NS_ASSERTIONS = NO;
				ENABLE_STRICT_OBJC_MSGSEND = YES;
				GCC_C_LANGUAGE_STANDARD = gnu11;
				GCC_NO_COMMON_BLOCKS = YES;
				GCC_WARN_64_TO_32_BIT_CONVERSION = YES;
				GCC_WARN_ABOUT_RETURN_TYPE = YES_ERROR;
				GCC_WARN_UNDECLARED_SELECTOR = YES;
				GCC_WARN_UNINITIALIZED_AUTOS = YES_AGGRESSIVE;
				GCC_WARN_UNUSED_FUNCTION = YES;
				GCC_WARN_UNUSED_VARIABLE = YES;
				IPHONEOS_DEPLOYMENT_TARGET = 14.0;
				MTL_ENABLE_DEBUG_INFO = NO;
				MTL_FAST_MATH = YES;
				SDKROOT = iphoneos;
				SWIFT_COMPILATION_MODE = wholemodule;
				SWIFT_OPTIMIZATION_LEVEL = "-O";
				VALIDATE_PRODUCT = YES;
			};
			name = Release;
		};
		ADC650D3260D8447001E85AC /* Debug */ = {
			isa = XCBuildConfiguration;
			buildSettings = {
				ASSETCATALOG_COMPILER_APPICON_NAME = AppIcon;
				ASSETCATALOG_COMPILER_GLOBAL_ACCENT_COLOR_NAME = AccentColor;
				CODE_SIGN_STYLE = Automatic;
				DEVELOPMENT_TEAM = F3JYQ7F95H;
				INFOPLIST_FILE = TinyRenderEngine/Info.plist;
				LD_RUNPATH_SEARCH_PATHS = (
					"$(inherited)",
					"@executable_path/Frameworks",
				);
				PRODUCT_BUNDLE_IDENTIFIER = com.summer.TinyRenderEngine;
				PRODUCT_NAME = "$(TARGET_NAME)";
				SWIFT_VERSION = 5.0;
				TARGETED_DEVICE_FAMILY = "1,2";
			};
			name = Debug;
		};
		ADC650D4260D8447001E85AC /* Release */ = {
			isa = XCBuildConfiguration;
			buildSettings = {
				ASSETCATALOG_COMPILER_APPICON_NAME = AppIcon;
				ASSETCATALOG_COMPILER_GLOBAL_ACCENT_COLOR_NAME = AccentColor;
				CODE_SIGN_STYLE = Automatic;
				DEVELOPMENT_TEAM = F3JYQ7F95H;
				INFOPLIST_FILE = TinyRenderEngine/Info.plist;
				LD_RUNPATH_SEARCH_PATHS = (
					"$(inherited)",
					"@executable_path/Frameworks",
				);
				PRODUCT_BUNDLE_IDENTIFIER = com.summer.TinyRenderEngine;
				PRODUCT_NAME = "$(TARGET_NAME)";
				SWIFT_VERSION = 5.0;
				TARGETED_DEVICE_FAMILY = "1,2";
			};
			name = Release;
		};
		ADC650EB260D9EA4001E85AC /* Debug */ = {
			isa = XCBuildConfiguration;
			buildSettings = {
				BUNDLE_LOADER = "$(TEST_HOST)";
				CODE_SIGN_STYLE = Automatic;
				DEVELOPMENT_TEAM = F3JYQ7F95H;
				INFOPLIST_FILE = TinyRenderEngineTests/Info.plist;
				LD_RUNPATH_SEARCH_PATHS = (
					"$(inherited)",
					"@executable_path/Frameworks",
					"@loader_path/Frameworks",
				);
				PRODUCT_BUNDLE_IDENTIFIER = com.summer.TinyRenderEngineTests;
				PRODUCT_NAME = "$(TARGET_NAME)";
				SWIFT_VERSION = 5.0;
				TARGETED_DEVICE_FAMILY = "1,2";
				TEST_HOST = "$(BUILT_PRODUCTS_DIR)/TinyRenderEngine.app/TinyRenderEngine";
			};
			name = Debug;
		};
		ADC650EC260D9EA4001E85AC /* Release */ = {
			isa = XCBuildConfiguration;
			buildSettings = {
				BUNDLE_LOADER = "$(TEST_HOST)";
				CODE_SIGN_STYLE = Automatic;
				DEVELOPMENT_TEAM = F3JYQ7F95H;
				INFOPLIST_FILE = TinyRenderEngineTests/Info.plist;
				LD_RUNPATH_SEARCH_PATHS = (
					"$(inherited)",
					"@executable_path/Frameworks",
					"@loader_path/Frameworks",
				);
				PRODUCT_BUNDLE_IDENTIFIER = com.summer.TinyRenderEngineTests;
				PRODUCT_NAME = "$(TARGET_NAME)";
				SWIFT_VERSION = 5.0;
				TARGETED_DEVICE_FAMILY = "1,2";
				TEST_HOST = "$(BUILT_PRODUCTS_DIR)/TinyRenderEngine.app/TinyRenderEngine";
			};
			name = Release;
		};
/* End XCBuildConfiguration section */

/* Begin XCConfigurationList section */
		ADC650B9260D8444001E85AC /* Build configuration list for PBXProject "TinyRenderEngine" */ = {
			isa = XCConfigurationList;
			buildConfigurations = (
				ADC650D0260D8447001E85AC /* Debug */,
				ADC650D1260D8447001E85AC /* Release */,
			);
			defaultConfigurationIsVisible = 0;
			defaultConfigurationName = Release;
		};
		ADC650D2260D8447001E85AC /* Build configuration list for PBXNativeTarget "TinyRenderEngine" */ = {
			isa = XCConfigurationList;
			buildConfigurations = (
				ADC650D3260D8447001E85AC /* Debug */,
				ADC650D4260D8447001E85AC /* Release */,
			);
			defaultConfigurationIsVisible = 0;
			defaultConfigurationName = Release;
		};
		ADC650EA260D9EA4001E85AC /* Build configuration list for PBXNativeTarget "TinyRenderEngineTests" */ = {
			isa = XCConfigurationList;
			buildConfigurations = (
				ADC650EB260D9EA4001E85AC /* Debug */,
				ADC650EC260D9EA4001E85AC /* Release */,
			);
			defaultConfigurationIsVisible = 0;
			defaultConfigurationName = Release;
		};
/* End XCConfigurationList section */
	};
	rootObject = ADC650B6260D8443001E85AC /* Project object */;
}
